
Microsoft Visual Studio Solution File, Format Version 12.00
# Visual Studio Version 17
VisualStudioVersion = 17.4.33213.308
MinimumVisualStudioVersion = 10.0.40219.1
Project("{FAE04EC0-301F-11D3-BF4B-00C04F79EFBC}") = "ClinicService", "ClinicService\ClinicService.csproj", "{D91BC077-C730-4D99-B557-4CA09299187C}"
EndProject
Global
	GlobalSection(SolutionConfigurationPlatforms) = preSolution
		Debug|Any CPU = Debug|Any CPU
		Release|Any CPU = Release|Any CPU
	EndGlobalSection
	GlobalSection(ProjectConfigurationPlatforms) = postSolution
		{D91BC077-C730-4D99-B557-4CA09299187C}.Debug|Any CPU.ActiveCfg = Debug|Any CPU
		{D91BC077-C730-4D99-B557-4CA09299187C}.Debug|Any CPU.Build.0 = Debug|Any CPU
		{D91BC077-C730-4D99-B557-4CA09299187C}.Release|Any CPU.ActiveCfg = Release|Any CPU
		{D91BC077-C730-4D99-B557-4CA09299187C}.Release|Any CPU.Build.0 = Release|Any CPU
	EndGlobalSection
	GlobalSection(SolutionProperties) = preSolution
		HideSolutionNode = FALSE
	EndGlobalSection
	GlobalSection(ExtensibilityGlobals) = postSolution
		SolutionGuid = {54E7BB78-FFD5-45D3-AF64-747A42881417}
	EndGlobalSection
EndGlobal
